
Microsoft Visual Studio Solution File, Format Version 12.00
# Visual Studio Version 16
VisualStudioVersion = 16.0.30907.101
MinimumVisualStudioVersion = 10.0.40219.1
Project("{FAE04EC0-301F-11D3-BF4B-00C04F79EFBC}") = "Module_5_Task_1_Vasylchenko", "Module_5_Task_1_Vasylchenko\Module_5_Task_1_Vasylchenko.csproj", "{9F1C7E7A-9C08-4E44-A0BE-DA2F9BDD03AD}"
EndProject
Global
	GlobalSection(SolutionConfigurationPlatforms) = preSolution
		Debug|Any CPU = Debug|Any CPU
		Release|Any CPU = Release|Any CPU
	EndGlobalSection
	GlobalSection(ProjectConfigurationPlatforms) = postSolution
		{9F1C7E7A-9C08-4E44-A0BE-DA2F9BDD03AD}.Debug|Any CPU.ActiveCfg = Debug|Any CPU
		{9F1C7E7A-9C08-4E44-A0BE-DA2F9BDD03AD}.Debug|Any CPU.Build.0 = Debug|Any CPU
		{9F1C7E7A-9C08-4E44-A0BE-DA2F9BDD03AD}.Release|Any CPU.ActiveCfg = Release|Any CPU
		{9F1C7E7A-9C08-4E44-A0BE-DA2F9BDD03AD}.Release|Any CPU.Build.0 = Release|Any CPU
	EndGlobalSection
	GlobalSection(SolutionProperties) = preSolution
		HideSolutionNode = FALSE
	EndGlobalSection
	GlobalSection(ExtensibilityGlobals) = postSolution
		SolutionGuid = {8141C919-234B-4AEB-8588-A0F35811B726}
	EndGlobalSection
EndGlobal
